
Microsoft Visual Studio Solution File, Format Version 12.00
# Visual Studio Version 16
VisualStudioVersion = 16.0.31112.23
MinimumVisualStudioVersion = 10.0.40219.1
Project("{2150E333-8FDC-42A3-9474-1A3956D46DE8}") = "API.AccesoDatos", "API.AccesoDatos", "{BB210357-2C52-410B-BE34-63ED4CC099DA}"
EndProject
Project("{2150E333-8FDC-42A3-9474-1A3956D46DE8}") = "API.Negocio", "API.Negocio", "{6A9BAB64-6DD4-4B46-B6A6-B1176F4384FC}"
EndProject
Project("{2150E333-8FDC-42A3-9474-1A3956D46DE8}") = "API.Presentacion", "API.Presentacion", "{D2EF2C58-EB80-42F2-987E-AC22EEAA16C8}"
EndProject
Project("{2150E333-8FDC-42A3-9474-1A3956D46DE8}") = "API.Soporte", "API.Soporte", "{F339E907-4250-416E-A72C-C66B4A114C25}"
EndProject
Project("{9A19103F-16F7-4668-BE54-9A1E7A4F7556}") = "Libreria.DM", "Libreria.DM\Libreria.DM.csproj", "{2EE6DE7C-483C-44B7-989F-BBF41F7D2DCB}"
EndProject
Project("{9A19103F-16F7-4668-BE54-9A1E7A4F7556}") = "Libreria.BM", "Libreria.BM\Libreria.BM.csproj", "{E400609F-3DCA-4B4D-90D2-1D0CCEA2B674}"
EndProject
Project("{9A19103F-16F7-4668-BE54-9A1E7A4F7556}") = "Libreria.DT", "Libreria.DT\Libreria.DT.csproj", "{F357CB78-94BD-4428-B90E-EE8782483302}"
EndProject
Project("{9A19103F-16F7-4668-BE54-9A1E7A4F7556}") = "Libreria.Soporte", "Libreria.Soporte\Libreria.Soporte.csproj", "{42FDC7B5-22B6-4DF6-B7FF-3A9B80844BF3}"
EndProject
Project("{9A19103F-16F7-4668-BE54-9A1E7A4F7556}") = "Libreria.Api", "Libreria.Apii\Libreria.Api.csproj", "{7976F88C-B251-4FB7-9BBF-5DF2AD5588A9}"
EndProject
Project("{2150E333-8FDC-42A3-9474-1A3956D46DE8}") = "WPF.Presentacion", "WPF.Presentacion", "{A4D679B3-055F-4BA5-B6C4-CF389EABE107}"
EndProject
Project("{FAE04EC0-301F-11D3-BF4B-00C04F79EFBC}") = "Libreria.Presentacion", "Libreria.Presentacion\Libreria.Presentacion.csproj", "{77E3F6CB-E268-44F9-94B3-FBA40F15AA55}"
EndProject
Project("{2150E333-8FDC-42A3-9474-1A3956D46DE8}") = "API", "API", "{8ED2F8DB-F244-448B-9030-C0F6BA14C160}"
EndProject
Project("{2150E333-8FDC-42A3-9474-1A3956D46DE8}") = "Aplicacion", "Aplicacion", "{A041ACD9-3142-4130-B6D6-CC703070B7A3}"
EndProject
Project("{2150E333-8FDC-42A3-9474-1A3956D46DE8}") = "WPF.AccesoDatos", "WPF.AccesoDatos", "{3B9D1C91-01DD-4D22-986B-86D571B87FBB}"
EndProject
Project("{2150E333-8FDC-42A3-9474-1A3956D46DE8}") = "WPF.Modelos", "WPF.Modelos", "{23201EB5-01B9-4A11-9EB9-8F18BE303FF4}"
EndProject
Project("{2150E333-8FDC-42A3-9474-1A3956D46DE8}") = "WPF.Servicios", "WPF.Servicios", "{5D627EA7-7129-4EB5-A926-1FAEF829B446}"
EndProject
Project("{2150E333-8FDC-42A3-9474-1A3956D46DE8}") = "WPF.VistaModelo", "WPF.VistaModelo", "{996C0692-6960-48A0-B4C6-AB00083664E4}"
EndProject
Project("{FAE04EC0-301F-11D3-BF4B-00C04F79EFBC}") = "WPF.AD", "WPF.AD\WPF.AD.csproj", "{E2F77CFE-12B8-4D51-9B2C-3A58548CFC72}"
EndProject
Project("{FAE04EC0-301F-11D3-BF4B-00C04F79EFBC}") = "WPF.Modelos", "WPF.Modelos\WPF.Modelos.csproj", "{8914755B-9111-4F94-9A5C-0EC7029634B2}"
EndProject
Project("{FAE04EC0-301F-11D3-BF4B-00C04F79EFBC}") = "WPF.Servicios", "WPF.Servicios\WPF.Servicios.csproj", "{3784B5FD-8262-4C11-8B0B-19AF8AAA189A}"
EndProject
Project("{FAE04EC0-301F-11D3-BF4B-00C04F79EFBC}") = "WPF.VistaModelo", "WPF.VistaModelo\WPF.VistaModelo.csproj", "{D591978B-926F-4EDF-85FA-BB82EBAC918B}"
EndProject
Global
	GlobalSection(SolutionConfigurationPlatforms) = preSolution
		Debug|Any CPU = Debug|Any CPU
		Release|Any CPU = Release|Any CPU
	EndGlobalSection
	GlobalSection(ProjectConfigurationPlatforms) = postSolution
		{2EE6DE7C-483C-44B7-989F-BBF41F7D2DCB}.Debug|Any CPU.ActiveCfg = Debug|Any CPU
		{2EE6DE7C-483C-44B7-989F-BBF41F7D2DCB}.Debug|Any CPU.Build.0 = Debug|Any CPU
		{2EE6DE7C-483C-44B7-989F-BBF41F7D2DCB}.Release|Any CPU.ActiveCfg = Release|Any CPU
		{2EE6DE7C-483C-44B7-989F-BBF41F7D2DCB}.Release|Any CPU.Build.0 = Release|Any CPU
		{E400609F-3DCA-4B4D-90D2-1D0CCEA2B674}.Debug|Any CPU.ActiveCfg = Debug|Any CPU
		{E400609F-3DCA-4B4D-90D2-1D0CCEA2B674}.Debug|Any CPU.Build.0 = Debug|Any CPU
		{E400609F-3DCA-4B4D-90D2-1D0CCEA2B674}.Release|Any CPU.ActiveCfg = Release|Any CPU
		{E400609F-3DCA-4B4D-90D2-1D0CCEA2B674}.Release|Any CPU.Build.0 = Release|Any CPU
		{F357CB78-94BD-4428-B90E-EE8782483302}.Debug|Any CPU.ActiveCfg = Debug|Any CPU
		{F357CB78-94BD-4428-B90E-EE8782483302}.Debug|Any CPU.Build.0 = Debug|Any CPU
		{F357CB78-94BD-4428-B90E-EE8782483302}.Release|Any CPU.ActiveCfg = Release|Any CPU
		{F357CB78-94BD-4428-B90E-EE8782483302}.Release|Any CPU.Build.0 = Release|Any CPU
		{42FDC7B5-22B6-4DF6-B7FF-3A9B80844BF3}.Debug|Any CPU.ActiveCfg = Debug|Any CPU
		{42FDC7B5-22B6-4DF6-B7FF-3A9B80844BF3}.Debug|Any CPU.Build.0 = Debug|Any CPU
		{42FDC7B5-22B6-4DF6-B7FF-3A9B80844BF3}.Release|Any CPU.ActiveCfg = Release|Any CPU
		{42FDC7B5-22B6-4DF6-B7FF-3A9B80844BF3}.Release|Any CPU.Build.0 = Release|Any CPU
		{7976F88C-B251-4FB7-9BBF-5DF2AD5588A9}.Debug|Any CPU.ActiveCfg = Debug|Any CPU
		{7976F88C-B251-4FB7-9BBF-5DF2AD5588A9}.Debug|Any CPU.Build.0 = Debug|Any CPU
		{7976F88C-B251-4FB7-9BBF-5DF2AD5588A9}.Release|Any CPU.ActiveCfg = Release|Any CPU
		{7976F88C-B251-4FB7-9BBF-5DF2AD5588A9}.Release|Any CPU.Build.0 = Release|Any CPU
		{77E3F6CB-E268-44F9-94B3-FBA40F15AA55}.Debug|Any CPU.ActiveCfg = Debug|Any CPU
		{77E3F6CB-E268-44F9-94B3-FBA40F15AA55}.Debug|Any CPU.Build.0 = Debug|Any CPU
		{77E3F6CB-E268-44F9-94B3-FBA40F15AA55}.Release|Any CPU.ActiveCfg = Release|Any CPU
		{77E3F6CB-E268-44F9-94B3-FBA40F15AA55}.Release|Any CPU.Build.0 = Release|Any CPU
		{E2F77CFE-12B8-4D51-9B2C-3A58548CFC72}.Debug|Any CPU.ActiveCfg = Debug|Any CPU
		{E2F77CFE-12B8-4D51-9B2C-3A58548CFC72}.Debug|Any CPU.Build.0 = Debug|Any CPU
		{E2F77CFE-12B8-4D51-9B2C-3A58548CFC72}.Release|Any CPU.ActiveCfg = Release|Any CPU
		{E2F77CFE-12B8-4D51-9B2C-3A58548CFC72}.Release|Any CPU.Build.0 = Release|Any CPU
		{8914755B-9111-4F94-9A5C-0EC7029634B2}.Debug|Any CPU.ActiveCfg = Debug|Any CPU
		{8914755B-9111-4F94-9A5C-0EC7029634B2}.Debug|Any CPU.Build.0 = Debug|Any CPU
		{8914755B-9111-4F94-9A5C-0EC7029634B2}.Release|Any CPU.ActiveCfg = Release|Any CPU
		{8914755B-9111-4F94-9A5C-0EC7029634B2}.Release|Any CPU.Build.0 = Release|Any CPU
		{3784B5FD-8262-4C11-8B0B-19AF8AAA189A}.Debug|Any CPU.ActiveCfg = Debug|Any CPU
		{3784B5FD-8262-4C11-8B0B-19AF8AAA189A}.Debug|Any CPU.Build.0 = Debug|Any CPU
		{3784B5FD-8262-4C11-8B0B-19AF8AAA189A}.Release|Any CPU.ActiveCfg = Release|Any CPU
		{3784B5FD-8262-4C11-8B0B-19AF8AAA189A}.Release|Any CPU.Build.0 = Release|Any CPU
		{D591978B-926F-4EDF-85FA-BB82EBAC918B}.Debug|Any CPU.ActiveCfg = Debug|Any CPU
		{D591978B-926F-4EDF-85FA-BB82EBAC918B}.Debug|Any CPU.Build.0 = Debug|Any CPU
		{D591978B-926F-4EDF-85FA-BB82EBAC918B}.Release|Any CPU.ActiveCfg = Release|Any CPU
		{D591978B-926F-4EDF-85FA-BB82EBAC918B}.Release|Any CPU.Build.0 = Release|Any CPU
	EndGlobalSection
	GlobalSection(SolutionProperties) = preSolution
		HideSolutionNode = FALSE
	EndGlobalSection
	GlobalSection(NestedProjects) = preSolution
		{BB210357-2C52-410B-BE34-63ED4CC099DA} = {8ED2F8DB-F244-448B-9030-C0F6BA14C160}
		{6A9BAB64-6DD4-4B46-B6A6-B1176F4384FC} = {8ED2F8DB-F244-448B-9030-C0F6BA14C160}
		{D2EF2C58-EB80-42F2-987E-AC22EEAA16C8} = {8ED2F8DB-F244-448B-9030-C0F6BA14C160}
		{F339E907-4250-416E-A72C-C66B4A114C25} = {8ED2F8DB-F244-448B-9030-C0F6BA14C160}
		{2EE6DE7C-483C-44B7-989F-BBF41F7D2DCB} = {BB210357-2C52-410B-BE34-63ED4CC099DA}
		{E400609F-3DCA-4B4D-90D2-1D0CCEA2B674} = {6A9BAB64-6DD4-4B46-B6A6-B1176F4384FC}
		{F357CB78-94BD-4428-B90E-EE8782483302} = {F339E907-4250-416E-A72C-C66B4A114C25}
		{42FDC7B5-22B6-4DF6-B7FF-3A9B80844BF3} = {F339E907-4250-416E-A72C-C66B4A114C25}
		{7976F88C-B251-4FB7-9BBF-5DF2AD5588A9} = {D2EF2C58-EB80-42F2-987E-AC22EEAA16C8}
		{A4D679B3-055F-4BA5-B6C4-CF389EABE107} = {A041ACD9-3142-4130-B6D6-CC703070B7A3}
		{77E3F6CB-E268-44F9-94B3-FBA40F15AA55} = {A4D679B3-055F-4BA5-B6C4-CF389EABE107}
		{3B9D1C91-01DD-4D22-986B-86D571B87FBB} = {A041ACD9-3142-4130-B6D6-CC703070B7A3}
		{23201EB5-01B9-4A11-9EB9-8F18BE303FF4} = {A041ACD9-3142-4130-B6D6-CC703070B7A3}
		{5D627EA7-7129-4EB5-A926-1FAEF829B446} = {A041ACD9-3142-4130-B6D6-CC703070B7A3}
		{996C0692-6960-48A0-B4C6-AB00083664E4} = {A041ACD9-3142-4130-B6D6-CC703070B7A3}
		{E2F77CFE-12B8-4D51-9B2C-3A58548CFC72} = {3B9D1C91-01DD-4D22-986B-86D571B87FBB}
		{8914755B-9111-4F94-9A5C-0EC7029634B2} = {23201EB5-01B9-4A11-9EB9-8F18BE303FF4}
		{3784B5FD-8262-4C11-8B0B-19AF8AAA189A} = {5D627EA7-7129-4EB5-A926-1FAEF829B446}
		{D591978B-926F-4EDF-85FA-BB82EBAC918B} = {996C0692-6960-48A0-B4C6-AB00083664E4}
	EndGlobalSection
	GlobalSection(ExtensibilityGlobals) = postSolution
		SolutionGuid = {A0BDC88B-B024-4B07-8FF3-FBBCCA79D81E}
	EndGlobalSection
EndGlobal
